// !$*UTF8*$!
{
	archiveVersion = 1;
	classes = {
	};
	objectVersion = 46;
	objects = {

/* Begin PBXBuildFile section */
		17467B391CE5D3F3009EBC6B /* AppDelegate.swift in Sources */ = {isa = PBXBuildFile; fileRef = 17467B381CE5D3F3009EBC6B /* AppDelegate.swift */; };
		17467B3B1CE5D3F3009EBC6B /* TrainingsPlanViewController.swift in Sources */ = {isa = PBXBuildFile; fileRef = 17467B3A1CE5D3F3009EBC6B /* TrainingsPlanViewController.swift */; };
		17467B3E1CE5D3F3009EBC6B /* Main.storyboard in Resources */ = {isa = PBXBuildFile; fileRef = 17467B3C1CE5D3F3009EBC6B /* Main.storyboard */; };
		17467B401CE5D3F4009EBC6B /* Assets.xcassets in Resources */ = {isa = PBXBuildFile; fileRef = 17467B3F1CE5D3F4009EBC6B /* Assets.xcassets */; };
		17467B431CE5D3F4009EBC6B /* LaunchScreen.storyboard in Resources */ = {isa = PBXBuildFile; fileRef = 17467B411CE5D3F4009EBC6B /* LaunchScreen.storyboard */; };
		17467B4E1CE5D3F4009EBC6B /* GymTrackerTests.swift in Sources */ = {isa = PBXBuildFile; fileRef = 17467B4D1CE5D3F4009EBC6B /* GymTrackerTests.swift */; };
		17467B591CE61206009EBC6B /* TrainingsTagViewController.swift in Sources */ = {isa = PBXBuildFile; fileRef = 17467B581CE61206009EBC6B /* TrainingsTagViewController.swift */; };
		17AA14961CE726640077627E /* TrainingsTagTableViewCell.swift in Sources */ = {isa = PBXBuildFile; fileRef = 17AA14951CE726640077627E /* TrainingsTagTableViewCell.swift */; };
		17AA14981CE726710077627E /* TraingsPlanTableViewCell.swift in Sources */ = {isa = PBXBuildFile; fileRef = 17AA14971CE726710077627E /* TraingsPlanTableViewCell.swift */; };
		17AA149A1CE726840077627E /* UbungenTableViewCell.swift in Sources */ = {isa = PBXBuildFile; fileRef = 17AA14991CE726840077627E /* UbungenTableViewCell.swift */; };
		17AA149C1CE72C330077627E /* UbungenViewController.swift in Sources */ = {isa = PBXBuildFile; fileRef = 17AA149B1CE72C330077627E /* UbungenViewController.swift */; };
		17AA149E1CE735060077627E /* UbungenTableViewController.swift in Sources */ = {isa = PBXBuildFile; fileRef = 17AA149D1CE735060077627E /* UbungenTableViewController.swift */; };
		17AA14A01CE75FF70077627E /* Ubung.swift in Sources */ = {isa = PBXBuildFile; fileRef = 17AA149F1CE75FF70077627E /* Ubung.swift */; };
		17AA14A41CEB53630077627E /* TrainingsTagTableViewController.swift in Sources */ = {isa = PBXBuildFile; fileRef = 17AA14A31CEB53630077627E /* TrainingsTagTableViewController.swift */; };
		17AA14A61CEB54660077627E /* TraingsPlanTableViewController.swift in Sources */ = {isa = PBXBuildFile; fileRef = 17AA14A51CEB54660077627E /* TraingsPlanTableViewController.swift */; };
/* End PBXBuildFile section */

/* Begin PBXContainerItemProxy section */
		17467B4A1CE5D3F4009EBC6B /* PBXContainerItemProxy */ = {
			isa = PBXContainerItemProxy;
			containerPortal = 17467B2D1CE5D3F3009EBC6B /* Project object */;
			proxyType = 1;
			remoteGlobalIDString = 17467B341CE5D3F3009EBC6B;
			remoteInfo = GymTracker;
		};
/* End PBXContainerItemProxy section */

/* Begin PBXFileReference section */
		17467B351CE5D3F3009EBC6B /* GymTracker.app */ = {isa = PBXFileReference; explicitFileType = wrapper.application; includeInIndex = 0; path = GymTracker.app; sourceTree = BUILT_PRODUCTS_DIR; };
		17467B381CE5D3F3009EBC6B /* AppDelegate.swift */ = {isa = PBXFileReference; lastKnownFileType = sourcecode.swift; path = AppDelegate.swift; sourceTree = "<group>"; };
		17467B3A1CE5D3F3009EBC6B /* TrainingsPlanViewController.swift */ = {isa = PBXFileReference; lastKnownFileType = sourcecode.swift; path = TrainingsPlanViewController.swift; sourceTree = "<group>"; };
		17467B3D1CE5D3F3009EBC6B /* Base */ = {isa = PBXFileReference; lastKnownFileType = file.storyboard; name = Base; path = Base.lproj/Main.storyboard; sourceTree = "<group>"; };
		17467B3F1CE5D3F4009EBC6B /* Assets.xcassets */ = {isa = PBXFileReference; lastKnownFileType = folder.assetcatalog; path = Assets.xcassets; sourceTree = "<group>"; };
		17467B421CE5D3F4009EBC6B /* Base */ = {isa = PBXFileReference; lastKnownFileType = file.storyboard; name = Base; path = Base.lproj/LaunchScreen.storyboard; sourceTree = "<group>"; };
		17467B441CE5D3F4009EBC6B /* Info.plist */ = {isa = PBXFileReference; lastKnownFileType = text.plist.xml; path = Info.plist; sourceTree = "<group>"; };
		17467B491CE5D3F4009EBC6B /* GymTrackerTests.xctest */ = {isa = PBXFileReference; explicitFileType = wrapper.cfbundle; includeInIndex = 0; path = GymTrackerTests.xctest; sourceTree = BUILT_PRODUCTS_DIR; };
		17467B4D1CE5D3F4009EBC6B /* GymTrackerTests.swift */ = {isa = PBXFileReference; lastKnownFileType = sourcecode.swift; path = GymTrackerTests.swift; sourceTree = "<group>"; };
		17467B4F1CE5D3F4009EBC6B /* Info.plist */ = {isa = PBXFileReference; lastKnownFileType = text.plist.xml; path = Info.plist; sourceTree = "<group>"; };
		17467B581CE61206009EBC6B /* TrainingsTagViewController.swift */ = {isa = PBXFileReference; fileEncoding = 4; lastKnownFileType = sourcecode.swift; path = TrainingsTagViewController.swift; sourceTree = "<group>"; };
		17AA14951CE726640077627E /* TrainingsTagTableViewCell.swift */ = {isa = PBXFileReference; fileEncoding = 4; lastKnownFileType = sourcecode.swift; path = TrainingsTagTableViewCell.swift; sourceTree = "<group>"; };
		17AA14971CE726710077627E /* TraingsPlanTableViewCell.swift */ = {isa = PBXFileReference; fileEncoding = 4; lastKnownFileType = sourcecode.swift; path = TraingsPlanTableViewCell.swift; sourceTree = "<group>"; };
		17AA14991CE726840077627E /* UbungenTableViewCell.swift */ = {isa = PBXFileReference; fileEncoding = 4; lastKnownFileType = sourcecode.swift; path = UbungenTableViewCell.swift; sourceTree = "<group>"; };
		17AA149B1CE72C330077627E /* UbungenViewController.swift */ = {isa = PBXFileReference; fileEncoding = 4; lastKnownFileType = sourcecode.swift; path = UbungenViewController.swift; sourceTree = "<group>"; };
		17AA149D1CE735060077627E /* UbungenTableViewController.swift */ = {isa = PBXFileReference; fileEncoding = 4; lastKnownFileType = sourcecode.swift; path = UbungenTableViewController.swift; sourceTree = "<group>"; };
		17AA149F1CE75FF70077627E /* Ubung.swift */ = {isa = PBXFileReference; fileEncoding = 4; lastKnownFileType = sourcecode.swift; path = Ubung.swift; sourceTree = "<group>"; };
		17AA14A31CEB53630077627E /* TrainingsTagTableViewController.swift */ = {isa = PBXFileReference; fileEncoding = 4; lastKnownFileType = sourcecode.swift; path = TrainingsTagTableViewController.swift; sourceTree = "<group>"; };
		17AA14A51CEB54660077627E /* TraingsPlanTableViewController.swift */ = {isa = PBXFileReference; fileEncoding = 4; lastKnownFileType = sourcecode.swift; path = TraingsPlanTableViewController.swift; sourceTree = "<group>"; };
/* End PBXFileReference section */

/* Begin PBXFrameworksBuildPhase section */
		17467B321CE5D3F3009EBC6B /* Frameworks */ = {
			isa = PBXFrameworksBuildPhase;
			buildActionMask = 2147483647;
			files = (
			);
			runOnlyForDeploymentPostprocessing = 0;
		};
		17467B461CE5D3F4009EBC6B /* Frameworks */ = {
			isa = PBXFrameworksBuildPhase;
			buildActionMask = 2147483647;
			files = (
			);
			runOnlyForDeploymentPostprocessing = 0;
		};
/* End PBXFrameworksBuildPhase section */

/* Begin PBXGroup section */
		17467B2C1CE5D3F3009EBC6B = {
			isa = PBXGroup;
			children = (
				17467B371CE5D3F3009EBC6B /* GymTracker */,
				17467B4C1CE5D3F4009EBC6B /* GymTrackerTests */,
				17467B361CE5D3F3009EBC6B /* Products */,
			);
			sourceTree = "<group>";
		};
		17467B361CE5D3F3009EBC6B /* Products */ = {
			isa = PBXGroup;
			children = (
				17467B351CE5D3F3009EBC6B /* GymTracker.app */,
				17467B491CE5D3F4009EBC6B /* GymTrackerTests.xctest */,
			);
			name = Products;
			sourceTree = "<group>";
		};
		17467B371CE5D3F3009EBC6B /* GymTracker */ = {
			isa = PBXGroup;
			children = (
				17467B381CE5D3F3009EBC6B /* AppDelegate.swift */,
				17467B3A1CE5D3F3009EBC6B /* TrainingsPlanViewController.swift */,
				17AA14A31CEB53630077627E /* TrainingsTagTableViewController.swift */,
				17AA14A51CEB54660077627E /* TraingsPlanTableViewController.swift */,
				17467B581CE61206009EBC6B /* TrainingsTagViewController.swift */,
				17467B3C1CE5D3F3009EBC6B /* Main.storyboard */,
				17AA149B1CE72C330077627E /* UbungenViewController.swift */,
				17AA149D1CE735060077627E /* UbungenTableViewController.swift */,
				17AA14991CE726840077627E /* UbungenTableViewCell.swift */,
				17AA149F1CE75FF70077627E /* Ubung.swift */,
				17AA14951CE726640077627E /* TrainingsTagTableViewCell.swift */,
				17AA14971CE726710077627E /* TraingsPlanTableViewCell.swift */,
				17467B3F1CE5D3F4009EBC6B /* Assets.xcassets */,
				17467B411CE5D3F4009EBC6B /* LaunchScreen.storyboard */,
				17467B441CE5D3F4009EBC6B /* Info.plist */,
			);
			path = GymTracker;
			sourceTree = "<group>";
		};
		17467B4C1CE5D3F4009EBC6B /* GymTrackerTests */ = {
			isa = PBXGroup;
			children = (
				17467B4D1CE5D3F4009EBC6B /* GymTrackerTests.swift */,
				17467B4F1CE5D3F4009EBC6B /* Info.plist */,
			);
			path = GymTrackerTests;
			sourceTree = "<group>";
		};
/* End PBXGroup section */

/* Begin PBXNativeTarget section */
		17467B341CE5D3F3009EBC6B /* GymTracker */ = {
			isa = PBXNativeTarget;
			buildConfigurationList = 17467B521CE5D3F4009EBC6B /* Build configuration list for PBXNativeTarget "GymTracker" */;
			buildPhases = (
				17467B311CE5D3F3009EBC6B /* Sources */,
				17467B321CE5D3F3009EBC6B /* Frameworks */,
				17467B331CE5D3F3009EBC6B /* Resources */,
			);
			buildRules = (
			);
			dependencies = (
			);
			name = GymTracker;
			productName = GymTracker;
			productReference = 17467B351CE5D3F3009EBC6B /* GymTracker.app */;
			productType = "com.apple.product-type.application";
		};
		17467B481CE5D3F4009EBC6B /* GymTrackerTests */ = {
			isa = PBXNativeTarget;
			buildConfigurationList = 17467B551CE5D3F4009EBC6B /* Build configuration list for PBXNativeTarget "GymTrackerTests" */;
			buildPhases = (
				17467B451CE5D3F4009EBC6B /* Sources */,
				17467B461CE5D3F4009EBC6B /* Frameworks */,
				17467B471CE5D3F4009EBC6B /* Resources */,
			);
			buildRules = (
			);
			dependencies = (
				17467B4B1CE5D3F4009EBC6B /* PBXTargetDependency */,
			);
			name = GymTrackerTests;
			productName = GymTrackerTests;
			productReference = 17467B491CE5D3F4009EBC6B /* GymTrackerTests.xctest */;
			productType = "com.apple.product-type.bundle.unit-test";
		};
/* End PBXNativeTarget section */

/* Begin PBXProject section */
		17467B2D1CE5D3F3009EBC6B /* Project object */ = {
			isa = PBXProject;
			attributes = {
				LastSwiftUpdateCheck = 0730;
				LastUpgradeCheck = 0730;
				ORGANIZATIONNAME = "Florian M.";
				TargetAttributes = {
					17467B341CE5D3F3009EBC6B = {
						CreatedOnToolsVersion = 7.3;
					};
					17467B481CE5D3F4009EBC6B = {
						CreatedOnToolsVersion = 7.3;
						TestTargetID = 17467B341CE5D3F3009EBC6B;
					};
				};
			};
			buildConfigurationList = 17467B301CE5D3F3009EBC6B /* Build configuration list for PBXProject "GymTracker" */;
			compatibilityVersion = "Xcode 3.2";
			developmentRegion = English;
			hasScannedForEncodings = 0;
			knownRegions = (
				en,
				Base,
			);
			mainGroup = 17467B2C1CE5D3F3009EBC6B;
			productRefGroup = 17467B361CE5D3F3009EBC6B /* Products */;
			projectDirPath = "";
			projectRoot = "";
			targets = (
				17467B341CE5D3F3009EBC6B /* GymTracker */,
				17467B481CE5D3F4009EBC6B /* GymTrackerTests */,
			);
		};
/* End PBXProject section */

/* Begin PBXResourcesBuildPhase section */
		17467B331CE5D3F3009EBC6B /* Resources */ = {
			isa = PBXResourcesBuildPhase;
			buildActionMask = 2147483647;
			files = (
				17467B431CE5D3F4009EBC6B /* LaunchScreen.storyboard in Resources */,
				17467B401CE5D3F4009EBC6B /* Assets.xcassets in Resources */,
				17467B3E1CE5D3F3009EBC6B /* Main.storyboard in Resources */,
			);
			runOnlyForDeploymentPostprocessing = 0;
		};
		17467B471CE5D3F4009EBC6B /* Resources */ = {
			isa = PBXResourcesBuildPhase;
			buildActionMask = 2147483647;
			files = (
			);
			runOnlyForDeploymentPostprocessing = 0;
		};
/* End PBXResourcesBuildPhase section */

/* Begin PBXSourcesBuildPhase section */
		17467B311CE5D3F3009EBC6B /* Sources */ = {
			isa = PBXSourcesBuildPhase;
			buildActionMask = 2147483647;
			files = (
				17AA14961CE726640077627E /* TrainingsTagTableViewCell.swift in Sources */,
				17AA149A1CE726840077627E /* UbungenTableViewCell.swift in Sources */,
				17467B3B1CE5D3F3009EBC6B /* TrainingsPlanViewController.swift in Sources */,
				17AA14981CE726710077627E /* TraingsPlanTableViewCell.swift in Sources */,
				17AA14A41CEB53630077627E /* TrainingsTagTableViewController.swift in Sources */,
				17AA14A61CEB54660077627E /* TraingsPlanTableViewController.swift in Sources */,
				17AA149E1CE735060077627E /* UbungenTableViewController.swift in Sources */,
				17AA14A01CE75FF70077627E /* Ubung.swift in Sources */,
				17467B591CE61206009EBC6B /* TrainingsTagViewController.swift in Sources */,
				17AA149C1CE72C330077627E /* UbungenViewController.swift in Sources */,
				17467B391CE5D3F3009EBC6B /* AppDelegate.swift in Sources */,
			);
			runOnlyForDeploymentPostprocessing = 0;
		};
		17467B451CE5D3F4009EBC6B /* Sources */ = {
			isa = PBXSourcesBuildPhase;
			buildActionMask = 2147483647;
			files = (
				17467B4E1CE5D3F4009EBC6B /* GymTrackerTests.swift in Sources */,
			);
			runOnlyForDeploymentPostprocessing = 0;
		};
/* End PBXSourcesBuildPhase section */

/* Begin PBXTargetDependency section */
		17467B4B1CE5D3F4009EBC6B /* PBXTargetDependency */ = {
			isa = PBXTargetDependency;
			target = 17467B341CE5D3F3009EBC6B /* GymTracker */;
			targetProxy = 17467B4A1CE5D3F4009EBC6B /* PBXContainerItemProxy */;
		};
/* End PBXTargetDependency section */

/* Begin PBXVariantGroup section */
		17467B3C1CE5D3F3009EBC6B /* Main.storyboard */ = {
			isa = PBXVariantGroup;
			children = (
				17467B3D1CE5D3F3009EBC6B /* Base */,
			);
			name = Main.storyboard;
			sourceTree = "<group>";
		};
		17467B411CE5D3F4009EBC6B /* LaunchScreen.storyboard */ = {
			isa = PBXVariantGroup;
			children = (
				17467B421CE5D3F4009EBC6B /* Base */,
			);
			name = LaunchScreen.storyboard;
			sourceTree = "<group>";
		};
/* End PBXVariantGroup section */

/* Begin XCBuildConfiguration section */
		17467B501CE5D3F4009EBC6B /* Debug */ = {
			isa = XCBuildConfiguration;
			buildSettings = {
				ALWAYS_SEARCH_USER_PATHS = NO;
				CLANG_ANALYZER_NONNULL = YES;
				CLANG_CXX_LANGUAGE_STANDARD = "gnu++0x";
				CLANG_CXX_LIBRARY = "libc++";
				CLANG_ENABLE_MODULES = YES;
				CLANG_ENABLE_OBJC_ARC = YES;
				CLANG_WARN_BOOL_CONVERSION = YES;
				CLANG_WARN_CONSTANT_CONVERSION = YES;
				CLANG_WARN_DIRECT_OBJC_ISA_USAGE = YES_ERROR;
				CLANG_WARN_EMPTY_BODY = YES;
				CLANG_WARN_ENUM_CONVERSION = YES;
				CLANG_WARN_INT_CONVERSION = YES;
				CLANG_WARN_OBJC_ROOT_CLASS = YES_ERROR;
				CLANG_WARN_UNREACHABLE_CODE = YES;
				CLANG_WARN__DUPLICATE_METHOD_MATCH = YES;
				"CODE_SIGN_IDENTITY[sdk=iphoneos*]" = "iPhone Developer";
				COPY_PHASE_STRIP = NO;
				DEBUG_INFORMATION_FORMAT = dwarf;
				ENABLE_STRICT_OBJC_MSGSEND = YES;
				ENABLE_TESTABILITY = YES;
				GCC_C_LANGUAGE_STANDARD = gnu99;
				GCC_DYNAMIC_NO_PIC = NO;
				GCC_NO_COMMON_BLOCKS = YES;
				GCC_OPTIMIZATION_LEVEL = 0;
				GCC_PREPROCESSOR_DEFINITIONS = (
					"DEBUG=1",
					"$(inherited)",
				);
				GCC_WARN_64_TO_32_BIT_CONVERSION = YES;
				GCC_WARN_ABOUT_RETURN_TYPE = YES_ERROR;
				GCC_WARN_UNDECLARED_SELECTOR = YES;
				GCC_WARN_UNINITIALIZED_AUTOS = YES_AGGRESSIVE;
				GCC_WARN_UNUSED_FUNCTION = YES;
				GCC_WARN_UNUSED_VARIABLE = YES;
				IPHONEOS_DEPLOYMENT_TARGET = 9.3;
				MTL_ENABLE_DEBUG_INFO = YES;
				ONLY_ACTIVE_ARCH = YES;
				SDKROOT = iphoneos;
				SWIFT_OPTIMIZATION_LEVEL = "-Onone";
			};
			name = Debug;
		};
		17467B511CE5D3F4009EBC6B /* Release */ = {
			isa = XCBuildConfiguration;
			buildSettings = {
				ALWAYS_SEARCH_USER_PATHS = NO;
				CLANG_ANALYZER_NONNULL = YES;
				CLANG_CXX_LANGUAGE_STANDARD = "gnu++0x";
				CLANG_CXX_LIBRARY = "libc++";
				CLANG_ENABLE_MODULES = YES;
				CLANG_ENABLE_OBJC_ARC = YES;
				CLANG_WARN_BOOL_CONVERSION = YES;
				CLANG_WARN_CONSTANT_CONVERSION = YES;
				CLANG_WARN_DIRECT_OBJC_ISA_USAGE = YES_ERROR;
				CLANG_WARN_EMPTY_BODY = YES;
				CLANG_WARN_ENUM_CONVERSION = YES;
				CLANG_WARN_INT_CONVERSION = YES;
				CLANG_WARN_OBJC_ROOT_CLASS = YES_ERROR;
				CLANG_WARN_UNREACHABLE_CODE = YES;
				CLANG_WARN__DUPLICATE_METHOD_MATCH = YES;
				"CODE_SIGN_IDENTITY[sdk=iphoneos*]" = "iPhone Developer";
				COPY_PHASE_STRIP = NO;
				DEBUG_INFORMATION_FORMAT = "dwarf-with-dsym";
				ENABLE_NS_ASSERTIONS = NO;
				ENABLE_STRICT_OBJC_MSGSEND = YES;
				GCC_C_LANGUAGE_STANDARD = gnu99;
				GCC_NO_COMMON_BLOCKS = YES;
				GCC_WARN_64_TO_32_BIT_CONVERSION = YES;
				GCC_WARN_ABOUT_RETURN_TYPE = YES_ERROR;
				GCC_WARN_UNDECLARED_SELECTOR = YES;
				GCC_WARN_UNINITIALIZED_AUTOS = YES_AGGRESSIVE;
				GCC_WARN_UNUSED_FUNCTION = YES;
				GCC_WARN_UNUSED_VARIABLE = YES;
				IPHONEOS_DEPLOYMENT_TARGET = 9.3;
				MTL_ENABLE_DEBUG_INFO = NO;
				SDKROOT = iphoneos;
				VALIDATE_PRODUCT = YES;
			};
			name = Release;
		};
		17467B531CE5D3F4009EBC6B /* Debug */ = {
			isa = XCBuildConfiguration;
			buildSettings = {
				ASSETCATALOG_COMPILER_APPICON_NAME = AppIcon;
				INFOPLIST_FILE = GymTracker/Info.plist;
				LD_RUNPATH_SEARCH_PATHS = "$(inherited) @executable_path/Frameworks";
				PRODUCT_BUNDLE_IDENTIFIER = Flo.GymTracker;
				PRODUCT_NAME = "$(TARGET_NAME)";
			};
			name = Debug;
		};
		17467B541CE5D3F4009EBC6B /* Release */ = {
			isa = XCBuildConfiguration;
			buildSettings = {
				ASSETCATALOG_COMPILER_APPICON_NAME = AppIcon;
				INFOPLIST_FILE = GymTracker/Info.plist;
				LD_RUNPATH_SEARCH_PATHS = "$(inherited) @executable_path/Frameworks";
				PRODUCT_BUNDLE_IDENTIFIER = Flo.GymTracker;
				PRODUCT_NAME = "$(TARGET_NAME)";
			};
			name = Release;
		};
		17467B561CE5D3F4009EBC6B /* Debug */ = {
			isa = XCBuildConfiguration;
			buildSettings = {
				BUNDLE_LOADER = "$(TEST_HOST)";
				INFOPLIST_FILE = GymTrackerTests/Info.plist;
				LD_RUNPATH_SEARCH_PATHS = "$(inherited) @executable_path/Frameworks @loader_path/Frameworks";
				PRODUCT_BUNDLE_IDENTIFIER = Flo.GymTrackerTests;
				PRODUCT_NAME = "$(TARGET_NAME)";
				TEST_HOST = "$(BUILT_PRODUCTS_DIR)/GymTracker.app/GymTracker";
			};
			name = Debug;
		};
		17467B571CE5D3F4009EBC6B /* Release */ = {
			isa = XCBuildConfiguration;
			buildSettings = {
				BUNDLE_LOADER = "$(TEST_HOST)";
				INFOPLIST_FILE = GymTrackerTests/Info.plist;
				LD_RUNPATH_SEARCH_PATHS = "$(inherited) @executable_path/Frameworks @loader_path/Frameworks";
				PRODUCT_BUNDLE_IDENTIFIER = Flo.GymTrackerTests;
				PRODUCT_NAME = "$(TARGET_NAME)";
				TEST_HOST = "$(BUILT_PRODUCTS_DIR)/GymTracker.app/GymTracker";
			};
			name = Release;
		};
/* End XCBuildConfiguration section */

/* Begin XCConfigurationList section */
		17467B301CE5D3F3009EBC6B /* Build configuration list for PBXProject "GymTracker" */ = {
			isa = XCConfigurationList;
			buildConfigurations = (
				17467B501CE5D3F4009EBC6B /* Debug */,
				17467B511CE5D3F4009EBC6B /* Release */,
			);
			defaultConfigurationIsVisible = 0;
			defaultConfigurationName = Release;
		};
		17467B521CE5D3F4009EBC6B /* Build configuration list for PBXNativeTarget "GymTracker" */ = {
			isa = XCConfigurationList;
			buildConfigurations = (
				17467B531CE5D3F4009EBC6B /* Debug */,
				17467B541CE5D3F4009EBC6B /* Release */,
			);
			defaultConfigurationIsVisible = 0;
			defaultConfigurationName = Release;
		};
		17467B551CE5D3F4009EBC6B /* Build configuration list for PBXNativeTarget "GymTrackerTests" */ = {
			isa = XCConfigurationList;
			buildConfigurations = (
				17467B561CE5D3F4009EBC6B /* Debug */,
				17467B571CE5D3F4009EBC6B /* Release */,
			);
			defaultConfigurationIsVisible = 0;
			defaultConfigurationName = Release;
		};
/* End XCConfigurationList section */
	};
	rootObject = 17467B2D1CE5D3F3009EBC6B /* Project object */;
}
